// !$*UTF8*$!
{
	archiveVersion = 1;
	classes = {
	};
	objectVersion = 46;
	objects = {

/* Begin PBXBuildFile section */
		0C3A98581E2C84B80014E190 /* VendorStoryboard2.storyboard in Resources */ = {isa = PBXBuildFile; fileRef = 0C3A98571E2C84B80014E190 /* VendorStoryboard2.storyboard */; };
		4C189B571E2DD0C200684E85 /* VendorStoryboard1.storyboard in Resources */ = {isa = PBXBuildFile; fileRef = 4C189B561E2DD0C200684E85 /* VendorStoryboard1.storyboard */; };
		50DB2B531E20380600AA63A8 /* AppDelegate.swift in Sources */ = {isa = PBXBuildFile; fileRef = 50DB2B521E20380600AA63A8 /* AppDelegate.swift */; };
		50DB2B581E20380600AA63A8 /* Main.storyboard in Resources */ = {isa = PBXBuildFile; fileRef = 50DB2B561E20380600AA63A8 /* Main.storyboard */; };
		50DB2B5A1E20380600AA63A8 /* Assets.xcassets in Resources */ = {isa = PBXBuildFile; fileRef = 50DB2B591E20380600AA63A8 /* Assets.xcassets */; };
		50DB2B5D1E20380600AA63A8 /* LaunchScreen.storyboard in Resources */ = {isa = PBXBuildFile; fileRef = 50DB2B5B1E20380600AA63A8 /* LaunchScreen.storyboard */; };
		50DB2B651E203F6C00AA63A8 /* GoogleService-Info.plist in Resources */ = {isa = PBXBuildFile; fileRef = 50DB2B641E203F6C00AA63A8 /* GoogleService-Info.plist */; };
		51F44638A47FB4A9D0ED945F /* Pods_EatFreshNY.framework in Frameworks */ = {isa = PBXBuildFile; fileRef = 7EC7D54759AD5C660197A4C3 /* Pods_EatFreshNY.framework */; };
		8D0B7CD41E2ADE83008799F4 /* LoginViewController.swift in Sources */ = {isa = PBXBuildFile; fileRef = 8D0B7CD31E2ADE83008799F4 /* LoginViewController.swift */; };
		8D0B7CD61E2ADEAE008799F4 /* ClientSingUpViewController.swift in Sources */ = {isa = PBXBuildFile; fileRef = 8D0B7CD51E2ADEAE008799F4 /* ClientSingUpViewController.swift */; };
		8D0B7CD81E2ADEC8008799F4 /* VendorSignUpViewController.swift in Sources */ = {isa = PBXBuildFile; fileRef = 8D0B7CD71E2ADEC8008799F4 /* VendorSignUpViewController.swift */; };
		EEACAAA71E2EA385006F3D10 /* SelectProductCategoryTableViewPageViewController.swift in Sources */ = {isa = PBXBuildFile; fileRef = EEACAAA61E2EA385006F3D10 /* SelectProductCategoryTableViewPageViewController.swift */; };
		EEBC50D11E2ACDCF005EAE7B /* ImageAssets in Resources */ = {isa = PBXBuildFile; fileRef = EEBC50D01E2ACDCF005EAE7B /* ImageAssets */; };
		EEBC50E01E2AD1EC005EAE7B /* Auth.storyboard in Resources */ = {isa = PBXBuildFile; fileRef = EEBC50DF1E2AD1EC005EAE7B /* Auth.storyboard */; };
		EEBC50E51E2ADA74005EAE7B /* SelectVendorTableViewPageViewController.swift in Sources */ = {isa = PBXBuildFile; fileRef = EEBC50E41E2ADA74005EAE7B /* SelectVendorTableViewPageViewController.swift */; };
		EEBC50E71E2ADAB2005EAE7B /* AllProductCollectionViewPageViewController.swift in Sources */ = {isa = PBXBuildFile; fileRef = EEBC50E61E2ADAB2005EAE7B /* AllProductCollectionViewPageViewController.swift */; };
		EEBC50E91E2ADADC005EAE7B /* VendorProductCollectionViewPageViewController.swift in Sources */ = {isa = PBXBuildFile; fileRef = EEBC50E81E2ADADC005EAE7B /* VendorProductCollectionViewPageViewController.swift */; };
		EEBC50EB1E2ADB05005EAE7B /* CartViewController.swift in Sources */ = {isa = PBXBuildFile; fileRef = EEBC50EA1E2ADB05005EAE7B /* CartViewController.swift */; };
		EEBC50ED1E2ADB29005EAE7B /* ProductDetailPageViewController.swift in Sources */ = {isa = PBXBuildFile; fileRef = EEBC50EC1E2ADB29005EAE7B /* ProductDetailPageViewController.swift */; };
		EEBC50EF1E2ADB5F005EAE7B /* ThankYouPurchaseConfirmationPageViewController.swift in Sources */ = {isa = PBXBuildFile; fileRef = EEBC50EE1E2ADB5F005EAE7B /* ThankYouPurchaseConfirmationPageViewController.swift */; };
		EEBC50F11E2ADBED005EAE7B /* SelectProductTableViewCell.swift in Sources */ = {isa = PBXBuildFile; fileRef = EEBC50F01E2ADBED005EAE7B /* SelectProductTableViewCell.swift */; };
		EEBC50F31E2ADC3C005EAE7B /* SelectVendorTableViewCell.swift in Sources */ = {isa = PBXBuildFile; fileRef = EEBC50F21E2ADC3C005EAE7B /* SelectVendorTableViewCell.swift */; };
		EEBC50F51E2ADCA2005EAE7B /* AllProductsCollectionViewCell.swift in Sources */ = {isa = PBXBuildFile; fileRef = EEBC50F41E2ADCA2005EAE7B /* AllProductsCollectionViewCell.swift */; };
		EEBC50F71E2ADCD1005EAE7B /* VendorProductsCollectionViewCell.swift in Sources */ = {isa = PBXBuildFile; fileRef = EEBC50F61E2ADCD1005EAE7B /* VendorProductsCollectionViewCell.swift */; };
		EEBC50F91E2ADCFF005EAE7B /* CartTableViewCell.swift in Sources */ = {isa = PBXBuildFile; fileRef = EEBC50F81E2ADCFF005EAE7B /* CartTableViewCell.swift */; };
/* End PBXBuildFile section */

/* Begin PBXFileReference section */
		0C3A98571E2C84B80014E190 /* VendorStoryboard2.storyboard */ = {isa = PBXFileReference; fileEncoding = 4; lastKnownFileType = file.storyboard; path = VendorStoryboard2.storyboard; sourceTree = "<group>"; };
		4C189B561E2DD0C200684E85 /* VendorStoryboard1.storyboard */ = {isa = PBXFileReference; fileEncoding = 4; lastKnownFileType = file.storyboard; path = VendorStoryboard1.storyboard; sourceTree = "<group>"; };
		50DB2B4F1E20380600AA63A8 /* EatFreshNY.app */ = {isa = PBXFileReference; explicitFileType = wrapper.application; includeInIndex = 0; path = EatFreshNY.app; sourceTree = BUILT_PRODUCTS_DIR; };
		50DB2B521E20380600AA63A8 /* AppDelegate.swift */ = {isa = PBXFileReference; lastKnownFileType = sourcecode.swift; path = AppDelegate.swift; sourceTree = "<group>"; };
		50DB2B571E20380600AA63A8 /* Base */ = {isa = PBXFileReference; lastKnownFileType = file.storyboard; name = Base; path = Base.lproj/Main.storyboard; sourceTree = "<group>"; };
		50DB2B591E20380600AA63A8 /* Assets.xcassets */ = {isa = PBXFileReference; lastKnownFileType = folder.assetcatalog; path = Assets.xcassets; sourceTree = "<group>"; };
		50DB2B5C1E20380600AA63A8 /* Base */ = {isa = PBXFileReference; lastKnownFileType = file.storyboard; name = Base; path = Base.lproj/LaunchScreen.storyboard; sourceTree = "<group>"; };
		50DB2B5E1E20380600AA63A8 /* Info.plist */ = {isa = PBXFileReference; lastKnownFileType = text.plist.xml; path = Info.plist; sourceTree = "<group>"; };
		50DB2B641E203F6C00AA63A8 /* GoogleService-Info.plist */ = {isa = PBXFileReference; fileEncoding = 4; lastKnownFileType = text.plist.xml; path = "GoogleService-Info.plist"; sourceTree = "<group>"; };
		7EC7D54759AD5C660197A4C3 /* Pods_EatFreshNY.framework */ = {isa = PBXFileReference; explicitFileType = wrapper.framework; includeInIndex = 0; path = Pods_EatFreshNY.framework; sourceTree = BUILT_PRODUCTS_DIR; };
		8D0B7CD31E2ADE83008799F4 /* LoginViewController.swift */ = {isa = PBXFileReference; fileEncoding = 4; lastKnownFileType = sourcecode.swift; path = LoginViewController.swift; sourceTree = "<group>"; };
		8D0B7CD51E2ADEAE008799F4 /* ClientSingUpViewController.swift */ = {isa = PBXFileReference; fileEncoding = 4; lastKnownFileType = sourcecode.swift; path = ClientSingUpViewController.swift; sourceTree = "<group>"; };
		8D0B7CD71E2ADEC8008799F4 /* VendorSignUpViewController.swift */ = {isa = PBXFileReference; fileEncoding = 4; lastKnownFileType = sourcecode.swift; path = VendorSignUpViewController.swift; sourceTree = "<group>"; };
		8F00FDEAEA1731D06D53F6D2 /* Pods-EatFreshNY.release.xcconfig */ = {isa = PBXFileReference; includeInIndex = 1; lastKnownFileType = text.xcconfig; name = "Pods-EatFreshNY.release.xcconfig"; path = "Pods/Target Support Files/Pods-EatFreshNY/Pods-EatFreshNY.release.xcconfig"; sourceTree = "<group>"; };
		CFE0AD9FDA2592534603FA1E /* Pods-EatFreshNY.debug.xcconfig */ = {isa = PBXFileReference; includeInIndex = 1; lastKnownFileType = text.xcconfig; name = "Pods-EatFreshNY.debug.xcconfig"; path = "Pods/Target Support Files/Pods-EatFreshNY/Pods-EatFreshNY.debug.xcconfig"; sourceTree = "<group>"; };
		EEACAAA61E2EA385006F3D10 /* SelectProductCategoryTableViewPageViewController.swift */ = {isa = PBXFileReference; fileEncoding = 4; lastKnownFileType = sourcecode.swift; path = SelectProductCategoryTableViewPageViewController.swift; sourceTree = "<group>"; };
		EEBC50D01E2ACDCF005EAE7B /* ImageAssets */ = {isa = PBXFileReference; lastKnownFileType = folder; name = ImageAssets; path = ../ImageAssets; sourceTree = "<group>"; };
		EEBC50DF1E2AD1EC005EAE7B /* Auth.storyboard */ = {isa = PBXFileReference; fileEncoding = 4; lastKnownFileType = file.storyboard; path = Auth.storyboard; sourceTree = "<group>"; };
		EEBC50E41E2ADA74005EAE7B /* SelectVendorTableViewPageViewController.swift */ = {isa = PBXFileReference; fileEncoding = 4; lastKnownFileType = sourcecode.swift; path = SelectVendorTableViewPageViewController.swift; sourceTree = "<group>"; };
		EEBC50E61E2ADAB2005EAE7B /* AllProductCollectionViewPageViewController.swift */ = {isa = PBXFileReference; fileEncoding = 4; lastKnownFileType = sourcecode.swift; path = AllProductCollectionViewPageViewController.swift; sourceTree = "<group>"; };
		EEBC50E81E2ADADC005EAE7B /* VendorProductCollectionViewPageViewController.swift */ = {isa = PBXFileReference; fileEncoding = 4; lastKnownFileType = sourcecode.swift; path = VendorProductCollectionViewPageViewController.swift; sourceTree = "<group>"; };
		EEBC50EA1E2ADB05005EAE7B /* CartViewController.swift */ = {isa = PBXFileReference; fileEncoding = 4; lastKnownFileType = sourcecode.swift; path = CartViewController.swift; sourceTree = "<group>"; };
		EEBC50EC1E2ADB29005EAE7B /* ProductDetailPageViewController.swift */ = {isa = PBXFileReference; fileEncoding = 4; lastKnownFileType = sourcecode.swift; path = ProductDetailPageViewController.swift; sourceTree = "<group>"; };
		EEBC50EE1E2ADB5F005EAE7B /* ThankYouPurchaseConfirmationPageViewController.swift */ = {isa = PBXFileReference; fileEncoding = 4; lastKnownFileType = sourcecode.swift; path = ThankYouPurchaseConfirmationPageViewController.swift; sourceTree = "<group>"; };
		EEBC50F01E2ADBED005EAE7B /* SelectProductTableViewCell.swift */ = {isa = PBXFileReference; fileEncoding = 4; lastKnownFileType = sourcecode.swift; path = SelectProductTableViewCell.swift; sourceTree = "<group>"; };
		EEBC50F21E2ADC3C005EAE7B /* SelectVendorTableViewCell.swift */ = {isa = PBXFileReference; fileEncoding = 4; lastKnownFileType = sourcecode.swift; path = SelectVendorTableViewCell.swift; sourceTree = "<group>"; };
		EEBC50F41E2ADCA2005EAE7B /* AllProductsCollectionViewCell.swift */ = {isa = PBXFileReference; fileEncoding = 4; lastKnownFileType = sourcecode.swift; path = AllProductsCollectionViewCell.swift; sourceTree = "<group>"; };
		EEBC50F61E2ADCD1005EAE7B /* VendorProductsCollectionViewCell.swift */ = {isa = PBXFileReference; fileEncoding = 4; lastKnownFileType = sourcecode.swift; path = VendorProductsCollectionViewCell.swift; sourceTree = "<group>"; };
		EEBC50F81E2ADCFF005EAE7B /* CartTableViewCell.swift */ = {isa = PBXFileReference; fileEncoding = 4; lastKnownFileType = sourcecode.swift; path = CartTableViewCell.swift; sourceTree = "<group>"; };
/* End PBXFileReference section */

/* Begin PBXFrameworksBuildPhase section */
		50DB2B4C1E20380600AA63A8 /* Frameworks */ = {
			isa = PBXFrameworksBuildPhase;
			buildActionMask = 2147483647;
			files = (
				51F44638A47FB4A9D0ED945F /* Pods_EatFreshNY.framework in Frameworks */,
			);
			runOnlyForDeploymentPostprocessing = 0;
		};
/* End PBXFrameworksBuildPhase section */

/* Begin PBXGroup section */
		20FA0EC11A569BEB9E07ABB8 /* Frameworks */ = {
			isa = PBXGroup;
			children = (
				7EC7D54759AD5C660197A4C3 /* Pods_EatFreshNY.framework */,
			);
			name = Frameworks;
			sourceTree = "<group>";
		};
		440481085AFA50D56E62E521 /* Pods */ = {
			isa = PBXGroup;
			children = (
				CFE0AD9FDA2592534603FA1E /* Pods-EatFreshNY.debug.xcconfig */,
				8F00FDEAEA1731D06D53F6D2 /* Pods-EatFreshNY.release.xcconfig */,
			);
			name = Pods;
			sourceTree = "<group>";
		};
		50DB2B461E20380600AA63A8 = {
			isa = PBXGroup;
			children = (
				50DB2B511E20380600AA63A8 /* EatFreshNY */,
				EEBC50DD1E2AD107005EAE7B /* Assets */,
				EEBC50D61E2ACFA4005EAE7B /* Plist  */,
				50DB2B501E20380600AA63A8 /* Products */,
				440481085AFA50D56E62E521 /* Pods */,
				20FA0EC11A569BEB9E07ABB8 /* Frameworks */,
			);
			sourceTree = "<group>";
		};
		50DB2B501E20380600AA63A8 /* Products */ = {
			isa = PBXGroup;
			children = (
				50DB2B4F1E20380600AA63A8 /* EatFreshNY.app */,
			);
			name = Products;
			sourceTree = "<group>";
		};
		50DB2B511E20380600AA63A8 /* EatFreshNY */ = {
			isa = PBXGroup;
			children = (
				EEBC50DE1E2AD14D005EAE7B /* Main */,
				EEBC50D51E2ACF49005EAE7B /* Global Data Model */,
				EEBC50D41E2ACF3C005EAE7B /* Clients */,
				EEBC50D31E2ACF22005EAE7B /* Vendors */,
				EEBC50D21E2ACF0F005EAE7B /* Auth */,
			);
			path = EatFreshNY;
			sourceTree = "<group>";
		};
		8D0B7CD21E2ADE5B008799F4 /* Logic */ = {
			isa = PBXGroup;
			children = (
				8D0B7CD31E2ADE83008799F4 /* LoginViewController.swift */,
				8D0B7CD51E2ADEAE008799F4 /* ClientSingUpViewController.swift */,
				8D0B7CD71E2ADEC8008799F4 /* VendorSignUpViewController.swift */,
			);
			name = Logic;
			sourceTree = "<group>";
		};
		EEBC50D21E2ACF0F005EAE7B /* Auth */ = {
			isa = PBXGroup;
			children = (
				8D0B7CD21E2ADE5B008799F4 /* Logic */,
				EEBC50DF1E2AD1EC005EAE7B /* Auth.storyboard */,
			);
			name = Auth;
			sourceTree = "<group>";
		};
		EEBC50D31E2ACF22005EAE7B /* Vendors */ = {
			isa = PBXGroup;
			children = (
				EEBC50E11E2AD3A8005EAE7B /* Data */,
				EEBC50E21E2AD3B0005EAE7B /* Logic */,
				EEBC50E31E2AD3B7005EAE7B /* UI */,
			);
			name = Vendors;
			sourceTree = "<group>";
		};
		EEBC50D41E2ACF3C005EAE7B /* Clients */ = {
			isa = PBXGroup;
			children = (
				EEBC50D91E2AD059005EAE7B /* Data */,
				EEBC50D81E2AD031005EAE7B /* Logic */,
				EEBC50D71E2AD00C005EAE7B /* UI */,
			);
			name = Clients;
			sourceTree = "<group>";
		};
		EEBC50D51E2ACF49005EAE7B /* Global Data Model */ = {
			isa = PBXGroup;
			children = (
				EEBC50DA1E2AD091005EAE7B /* FireBase */,
			);
			name = "Global Data Model";
			sourceTree = "<group>";
		};
		EEBC50D61E2ACFA4005EAE7B /* Plist  */ = {
			isa = PBXGroup;
			children = (
				50DB2B5E1E20380600AA63A8 /* Info.plist */,
				50DB2B641E203F6C00AA63A8 /* GoogleService-Info.plist */,
			);
			name = "Plist ";
			path = EatFreshNY;
			sourceTree = "<group>";
		};
		EEBC50D71E2AD00C005EAE7B /* UI */ = {
			isa = PBXGroup;
			children = (
				50DB2B561E20380600AA63A8 /* Main.storyboard */,
			);
			name = UI;
			sourceTree = "<group>";
		};
		EEBC50D81E2AD031005EAE7B /* Logic */ = {
			isa = PBXGroup;
			children = (
				EEACAAA61E2EA385006F3D10 /* SelectProductCategoryTableViewPageViewController.swift */,
				EEBC50E41E2ADA74005EAE7B /* SelectVendorTableViewPageViewController.swift */,
				EEBC50E61E2ADAB2005EAE7B /* AllProductCollectionViewPageViewController.swift */,
				EEBC50E81E2ADADC005EAE7B /* VendorProductCollectionViewPageViewController.swift */,
				EEBC50EA1E2ADB05005EAE7B /* CartViewController.swift */,
				EEBC50EC1E2ADB29005EAE7B /* ProductDetailPageViewController.swift */,
				EEBC50EE1E2ADB5F005EAE7B /* ThankYouPurchaseConfirmationPageViewController.swift */,
				EEBC50F01E2ADBED005EAE7B /* SelectProductTableViewCell.swift */,
				EEBC50F21E2ADC3C005EAE7B /* SelectVendorTableViewCell.swift */,
				EEBC50F41E2ADCA2005EAE7B /* AllProductsCollectionViewCell.swift */,
				EEBC50F61E2ADCD1005EAE7B /* VendorProductsCollectionViewCell.swift */,
				EEBC50F81E2ADCFF005EAE7B /* CartTableViewCell.swift */,
			);
			name = Logic;
			sourceTree = "<group>";
		};
		EEBC50D91E2AD059005EAE7B /* Data */ = {
			isa = PBXGroup;
			children = (
			);
			name = Data;
			sourceTree = "<group>";
		};
		EEBC50DA1E2AD091005EAE7B /* FireBase */ = {
			isa = PBXGroup;
			children = (
			);
			name = FireBase;
			sourceTree = "<group>";
		};
		EEBC50DD1E2AD107005EAE7B /* Assets */ = {
			isa = PBXGroup;
			children = (
				50DB2B591E20380600AA63A8 /* Assets.xcassets */,
				EEBC50D01E2ACDCF005EAE7B /* ImageAssets */,
			);
			name = Assets;
			path = EatFreshNY;
			sourceTree = "<group>";
		};
		EEBC50DE1E2AD14D005EAE7B /* Main */ = {
			isa = PBXGroup;
			children = (
				50DB2B5B1E20380600AA63A8 /* LaunchScreen.storyboard */,
				50DB2B521E20380600AA63A8 /* AppDelegate.swift */,
			);
			name = Main;
			sourceTree = "<group>";
		};
		EEBC50E11E2AD3A8005EAE7B /* Data */ = {
			isa = PBXGroup;
			children = (
			);
			name = Data;
			sourceTree = "<group>";
		};
		EEBC50E21E2AD3B0005EAE7B /* Logic */ = {
			isa = PBXGroup;
			children = (
			);
			name = Logic;
			sourceTree = "<group>";
		};
		EEBC50E31E2AD3B7005EAE7B /* UI */ = {
			isa = PBXGroup;
			children = (
				4C189B561E2DD0C200684E85 /* VendorStoryboard1.storyboard */,
				0C3A98571E2C84B80014E190 /* VendorStoryboard2.storyboard */,
			);
			name = UI;
			sourceTree = "<group>";
		};
/* End PBXGroup section */

/* Begin PBXNativeTarget section */
		50DB2B4E1E20380600AA63A8 /* EatFreshNY */ = {
			isa = PBXNativeTarget;
			buildConfigurationList = 50DB2B611E20380600AA63A8 /* Build configuration list for PBXNativeTarget "EatFreshNY" */;
			buildPhases = (
				7F1776FE2902D9AFD00E5274 /* [CP] Check Pods Manifest.lock */,
				50DB2B4B1E20380600AA63A8 /* Sources */,
				50DB2B4C1E20380600AA63A8 /* Frameworks */,
				50DB2B4D1E20380600AA63A8 /* Resources */,
				08F2F2C90B11713DBA885CA0 /* [CP] Embed Pods Frameworks */,
				A8FA726AB6AEA8C26BD94F37 /* [CP] Copy Pods Resources */,
			);
			buildRules = (
			);
			dependencies = (
			);
			name = EatFreshNY;
			productName = EatFreshNY;
			productReference = 50DB2B4F1E20380600AA63A8 /* EatFreshNY.app */;
			productType = "com.apple.product-type.application";
		};
/* End PBXNativeTarget section */

/* Begin PBXProject section */
		50DB2B471E20380600AA63A8 /* Project object */ = {
			isa = PBXProject;
			attributes = {
				LastSwiftUpdateCheck = 0820;
				LastUpgradeCheck = 0820;
				ORGANIZATIONNAME = "Grace Yu";
				TargetAttributes = {
					50DB2B4E1E20380600AA63A8 = {
						CreatedOnToolsVersion = 8.2.1;
						DevelopmentTeam = VJQVDWQ9VC;
						ProvisioningStyle = Automatic;
					};
				};
			};
			buildConfigurationList = 50DB2B4A1E20380600AA63A8 /* Build configuration list for PBXProject "EatFreshNY" */;
			compatibilityVersion = "Xcode 3.2";
			developmentRegion = English;
			hasScannedForEncodings = 0;
			knownRegions = (
				en,
				Base,
			);
			mainGroup = 50DB2B461E20380600AA63A8;
			productRefGroup = 50DB2B501E20380600AA63A8 /* Products */;
			projectDirPath = "";
			projectRoot = "";
			targets = (
				50DB2B4E1E20380600AA63A8 /* EatFreshNY */,
			);
		};
/* End PBXProject section */

/* Begin PBXResourcesBuildPhase section */
		50DB2B4D1E20380600AA63A8 /* Resources */ = {
			isa = PBXResourcesBuildPhase;
			buildActionMask = 2147483647;
			files = (
				0C3A98581E2C84B80014E190 /* VendorStoryboard2.storyboard in Resources */,
				EEBC50E01E2AD1EC005EAE7B /* Auth.storyboard in Resources */,
				50DB2B5D1E20380600AA63A8 /* LaunchScreen.storyboard in Resources */,
				4C189B571E2DD0C200684E85 /* VendorStoryboard1.storyboard in Resources */,
				EEBC50D11E2ACDCF005EAE7B /* ImageAssets in Resources */,
				50DB2B651E203F6C00AA63A8 /* GoogleService-Info.plist in Resources */,
				50DB2B5A1E20380600AA63A8 /* Assets.xcassets in Resources */,
				50DB2B581E20380600AA63A8 /* Main.storyboard in Resources */,
			);
			runOnlyForDeploymentPostprocessing = 0;
		};
/* End PBXResourcesBuildPhase section */

/* Begin PBXShellScriptBuildPhase section */
		08F2F2C90B11713DBA885CA0 /* [CP] Embed Pods Frameworks */ = {
			isa = PBXShellScriptBuildPhase;
			buildActionMask = 2147483647;
			files = (
			);
			inputPaths = (
			);
			name = "[CP] Embed Pods Frameworks";
			outputPaths = (
			);
			runOnlyForDeploymentPostprocessing = 0;
			shellPath = /bin/sh;
			shellScript = "\"${SRCROOT}/Pods/Target Support Files/Pods-EatFreshNY/Pods-EatFreshNY-frameworks.sh\"\n";
			showEnvVarsInLog = 0;
		};
		7F1776FE2902D9AFD00E5274 /* [CP] Check Pods Manifest.lock */ = {
			isa = PBXShellScriptBuildPhase;
			buildActionMask = 2147483647;
			files = (
			);
			inputPaths = (
			);
			name = "[CP] Check Pods Manifest.lock";
			outputPaths = (
			);
			runOnlyForDeploymentPostprocessing = 0;
			shellPath = /bin/sh;
			shellScript = "diff \"${PODS_ROOT}/../Podfile.lock\" \"${PODS_ROOT}/Manifest.lock\" > /dev/null\nif [ $? != 0 ] ; then\n    # print error to STDERR\n    echo \"error: The sandbox is not in sync with the Podfile.lock. Run 'pod install' or update your CocoaPods installation.\" >&2\n    exit 1\nfi\n";
			showEnvVarsInLog = 0;
		};
		A8FA726AB6AEA8C26BD94F37 /* [CP] Copy Pods Resources */ = {
			isa = PBXShellScriptBuildPhase;
			buildActionMask = 2147483647;
			files = (
			);
			inputPaths = (
			);
			name = "[CP] Copy Pods Resources";
			outputPaths = (
			);
			runOnlyForDeploymentPostprocessing = 0;
			shellPath = /bin/sh;
			shellScript = "\"${SRCROOT}/Pods/Target Support Files/Pods-EatFreshNY/Pods-EatFreshNY-resources.sh\"\n";
			showEnvVarsInLog = 0;
		};
/* End PBXShellScriptBuildPhase section */

/* Begin PBXSourcesBuildPhase section */
		50DB2B4B1E20380600AA63A8 /* Sources */ = {
			isa = PBXSourcesBuildPhase;
			buildActionMask = 2147483647;
			files = (
				EEBC50F51E2ADCA2005EAE7B /* AllProductsCollectionViewCell.swift in Sources */,
				EEBC50E91E2ADADC005EAE7B /* VendorProductCollectionViewPageViewController.swift in Sources */,
				EEBC50F71E2ADCD1005EAE7B /* VendorProductsCollectionViewCell.swift in Sources */,
				EEBC50E71E2ADAB2005EAE7B /* AllProductCollectionViewPageViewController.swift in Sources */,
				EEBC50F11E2ADBED005EAE7B /* SelectProductTableViewCell.swift in Sources */,
				EEBC50EF1E2ADB5F005EAE7B /* ThankYouPurchaseConfirmationPageViewController.swift in Sources */,
				8D0B7CD41E2ADE83008799F4 /* LoginViewController.swift in Sources */,
				8D0B7CD81E2ADEC8008799F4 /* VendorSignUpViewController.swift in Sources */,
				8D0B7CD61E2ADEAE008799F4 /* ClientSingUpViewController.swift in Sources */,
				50DB2B531E20380600AA63A8 /* AppDelegate.swift in Sources */,
				EEBC50ED1E2ADB29005EAE7B /* ProductDetailPageViewController.swift in Sources */,
				EEBC50F91E2ADCFF005EAE7B /* CartTableViewCell.swift in Sources */,
				EEBC50F31E2ADC3C005EAE7B /* SelectVendorTableViewCell.swift in Sources */,
				EEBC50EB1E2ADB05005EAE7B /* CartViewController.swift in Sources */,
				EEBC50E51E2ADA74005EAE7B /* SelectVendorTableViewPageViewController.swift in Sources */,
				EEACAAA71E2EA385006F3D10 /* SelectProductCategoryTableViewPageViewController.swift in Sources */,
			);
			runOnlyForDeploymentPostprocessing = 0;
		};
/* End PBXSourcesBuildPhase section */

/* Begin PBXVariantGroup section */
		50DB2B561E20380600AA63A8 /* Main.storyboard */ = {
			isa = PBXVariantGroup;
			children = (
				50DB2B571E20380600AA63A8 /* Base */,
			);
			name = Main.storyboard;
			sourceTree = "<group>";
		};
		50DB2B5B1E20380600AA63A8 /* LaunchScreen.storyboard */ = {
			isa = PBXVariantGroup;
			children = (
				50DB2B5C1E20380600AA63A8 /* Base */,
			);
			name = LaunchScreen.storyboard;
			sourceTree = "<group>";
		};
/* End PBXVariantGroup section */

/* Begin XCBuildConfiguration section */
		50DB2B5F1E20380600AA63A8 /* Debug */ = {
			isa = XCBuildConfiguration;
			buildSettings = {
				ALWAYS_SEARCH_USER_PATHS = NO;
				CLANG_ANALYZER_NONNULL = YES;
				CLANG_CXX_LANGUAGE_STANDARD = "gnu++0x";
				CLANG_CXX_LIBRARY = "libc++";
				CLANG_ENABLE_MODULES = YES;
				CLANG_ENABLE_OBJC_ARC = YES;
				CLANG_WARN_BOOL_CONVERSION = YES;
				CLANG_WARN_CONSTANT_CONVERSION = YES;
				CLANG_WARN_DIRECT_OBJC_ISA_USAGE = YES_ERROR;
				CLANG_WARN_DOCUMENTATION_COMMENTS = YES;
				CLANG_WARN_EMPTY_BODY = YES;
				CLANG_WARN_ENUM_CONVERSION = YES;
				CLANG_WARN_INFINITE_RECURSION = YES;
				CLANG_WARN_INT_CONVERSION = YES;
				CLANG_WARN_OBJC_ROOT_CLASS = YES_ERROR;
				CLANG_WARN_SUSPICIOUS_MOVE = YES;
				CLANG_WARN_UNREACHABLE_CODE = YES;
				CLANG_WARN__DUPLICATE_METHOD_MATCH = YES;
				"CODE_SIGN_IDENTITY[sdk=iphoneos*]" = "iPhone Developer";
				COPY_PHASE_STRIP = NO;
				DEBUG_INFORMATION_FORMAT = dwarf;
				ENABLE_STRICT_OBJC_MSGSEND = YES;
				ENABLE_TESTABILITY = YES;
				GCC_C_LANGUAGE_STANDARD = gnu99;
				GCC_DYNAMIC_NO_PIC = NO;
				GCC_NO_COMMON_BLOCKS = YES;
				GCC_OPTIMIZATION_LEVEL = 0;
				GCC_PREPROCESSOR_DEFINITIONS = (
					"DEBUG=1",
					"$(inherited)",
				);
				GCC_WARN_64_TO_32_BIT_CONVERSION = YES;
				GCC_WARN_ABOUT_RETURN_TYPE = YES_ERROR;
				GCC_WARN_UNDECLARED_SELECTOR = YES;
				GCC_WARN_UNINITIALIZED_AUTOS = YES_AGGRESSIVE;
				GCC_WARN_UNUSED_FUNCTION = YES;
				GCC_WARN_UNUSED_VARIABLE = YES;
				IPHONEOS_DEPLOYMENT_TARGET = 10.2;
				MTL_ENABLE_DEBUG_INFO = YES;
				ONLY_ACTIVE_ARCH = YES;
				SDKROOT = iphoneos;
				SWIFT_ACTIVE_COMPILATION_CONDITIONS = DEBUG;
				SWIFT_OPTIMIZATION_LEVEL = "-Onone";
			};
			name = Debug;
		};
		50DB2B601E20380600AA63A8 /* Release */ = {
			isa = XCBuildConfiguration;
			buildSettings = {
				ALWAYS_SEARCH_USER_PATHS = NO;
				CLANG_ANALYZER_NONNULL = YES;
				CLANG_CXX_LANGUAGE_STANDARD = "gnu++0x";
				CLANG_CXX_LIBRARY = "libc++";
				CLANG_ENABLE_MODULES = YES;
				CLANG_ENABLE_OBJC_ARC = YES;
				CLANG_WARN_BOOL_CONVERSION = YES;
				CLANG_WARN_CONSTANT_CONVERSION = YES;
				CLANG_WARN_DIRECT_OBJC_ISA_USAGE = YES_ERROR;
				CLANG_WARN_DOCUMENTATION_COMMENTS = YES;
				CLANG_WARN_EMPTY_BODY = YES;
				CLANG_WARN_ENUM_CONVERSION = YES;
				CLANG_WARN_INFINITE_RECURSION = YES;
				CLANG_WARN_INT_CONVERSION = YES;
				CLANG_WARN_OBJC_ROOT_CLASS = YES_ERROR;
				CLANG_WARN_SUSPICIOUS_MOVE = YES;
				CLANG_WARN_UNREACHABLE_CODE = YES;
				CLANG_WARN__DUPLICATE_METHOD_MATCH = YES;
				"CODE_SIGN_IDENTITY[sdk=iphoneos*]" = "iPhone Developer";
				COPY_PHASE_STRIP = NO;
				DEBUG_INFORMATION_FORMAT = "dwarf-with-dsym";
				ENABLE_NS_ASSERTIONS = NO;
				ENABLE_STRICT_OBJC_MSGSEND = YES;
				GCC_C_LANGUAGE_STANDARD = gnu99;
				GCC_NO_COMMON_BLOCKS = YES;
				GCC_WARN_64_TO_32_BIT_CONVERSION = YES;
				GCC_WARN_ABOUT_RETURN_TYPE = YES_ERROR;
				GCC_WARN_UNDECLARED_SELECTOR = YES;
				GCC_WARN_UNINITIALIZED_AUTOS = YES_AGGRESSIVE;
				GCC_WARN_UNUSED_FUNCTION = YES;
				GCC_WARN_UNUSED_VARIABLE = YES;
				IPHONEOS_DEPLOYMENT_TARGET = 10.2;
				MTL_ENABLE_DEBUG_INFO = NO;
				SDKROOT = iphoneos;
				SWIFT_OPTIMIZATION_LEVEL = "-Owholemodule";
				VALIDATE_PRODUCT = YES;
			};
			name = Release;
		};
		50DB2B621E20380600AA63A8 /* Debug */ = {
			isa = XCBuildConfiguration;
			baseConfigurationReference = CFE0AD9FDA2592534603FA1E /* Pods-EatFreshNY.debug.xcconfig */;
			buildSettings = {
				ASSETCATALOG_COMPILER_APPICON_NAME = AppIcon;
				DEVELOPMENT_TEAM = VJQVDWQ9VC;
				INFOPLIST_FILE = EatFreshNY/Info.plist;
				LD_RUNPATH_SEARCH_PATHS = "$(inherited) @executable_path/Frameworks";
				PRODUCT_BUNDLE_IDENTIFIER = com.gyk42.EatFreshNY;
				PRODUCT_NAME = "$(TARGET_NAME)";
				SWIFT_VERSION = 3.0;
			};
			name = Debug;
		};
		50DB2B631E20380600AA63A8 /* Release */ = {
			isa = XCBuildConfiguration;
			baseConfigurationReference = 8F00FDEAEA1731D06D53F6D2 /* Pods-EatFreshNY.release.xcconfig */;
			buildSettings = {
				ASSETCATALOG_COMPILER_APPICON_NAME = AppIcon;
				DEVELOPMENT_TEAM = VJQVDWQ9VC;
				INFOPLIST_FILE = EatFreshNY/Info.plist;
				LD_RUNPATH_SEARCH_PATHS = "$(inherited) @executable_path/Frameworks";
				PRODUCT_BUNDLE_IDENTIFIER = com.gyk42.EatFreshNY;
				PRODUCT_NAME = "$(TARGET_NAME)";
				SWIFT_VERSION = 3.0;
			};
			name = Release;
		};
/* End XCBuildConfiguration section */

/* Begin XCConfigurationList section */
		50DB2B4A1E20380600AA63A8 /* Build configuration list for PBXProject "EatFreshNY" */ = {
			isa = XCConfigurationList;
			buildConfigurations = (
				50DB2B5F1E20380600AA63A8 /* Debug */,
				50DB2B601E20380600AA63A8 /* Release */,
			);
			defaultConfigurationIsVisible = 0;
			defaultConfigurationName = Release;
		};
		50DB2B611E20380600AA63A8 /* Build configuration list for PBXNativeTarget "EatFreshNY" */ = {
			isa = XCConfigurationList;
			buildConfigurations = (
				50DB2B621E20380600AA63A8 /* Debug */,
				50DB2B631E20380600AA63A8 /* Release */,
			);
			defaultConfigurationIsVisible = 0;
			defaultConfigurationName = Release;
		};
/* End XCConfigurationList section */
	};
	rootObject = 50DB2B471E20380600AA63A8 /* Project object */;
}
